
Microsoft Visual Studio Solution File, Format Version 12.00
# Visual Studio Version 17
VisualStudioVersion = 17.11.35219.272
MinimumVisualStudioVersion = 10.0.40219.1
Project("{FAE04EC0-301F-11D3-BF4B-00C04F79EFBC}") = "API", "API\API.csproj", "{55DB1963-0C89-4944-80DF-05F30640BCD3}"
EndProject
Project("{FAE04EC0-301F-11D3-BF4B-00C04F79EFBC}") = "DTO", "DTO\DTO.csproj", "{5849C0B8-286E-4808-A622-6E6B21932E53}"
EndProject
Project("{FAE04EC0-301F-11D3-BF4B-00C04F79EFBC}") = "DAL", "DAL\DAL.csproj", "{117980BA-DD39-401A-B819-90EFF21D9F70}"
EndProject
Global
	GlobalSection(SolutionConfigurationPlatforms) = preSolution
		Debug|Any CPU = Debug|Any CPU
		Release|Any CPU = Release|Any CPU
	EndGlobalSection
	GlobalSection(ProjectConfigurationPlatforms) = postSolution
		{55DB1963-0C89-4944-80DF-05F30640BCD3}.Debug|Any CPU.ActiveCfg = Debug|Any CPU
		{55DB1963-0C89-4944-80DF-05F30640BCD3}.Debug|Any CPU.Build.0 = Debug|Any CPU
		{55DB1963-0C89-4944-80DF-05F30640BCD3}.Release|Any CPU.ActiveCfg = Release|Any CPU
		{55DB1963-0C89-4944-80DF-05F30640BCD3}.Release|Any CPU.Build.0 = Release|Any CPU
		{5849C0B8-286E-4808-A622-6E6B21932E53}.Debug|Any CPU.ActiveCfg = Debug|Any CPU
		{5849C0B8-286E-4808-A622-6E6B21932E53}.Debug|Any CPU.Build.0 = Debug|Any CPU
		{5849C0B8-286E-4808-A622-6E6B21932E53}.Release|Any CPU.ActiveCfg = Release|Any CPU
		{5849C0B8-286E-4808-A622-6E6B21932E53}.Release|Any CPU.Build.0 = Release|Any CPU
		{117980BA-DD39-401A-B819-90EFF21D9F70}.Debug|Any CPU.ActiveCfg = Debug|Any CPU
		{117980BA-DD39-401A-B819-90EFF21D9F70}.Debug|Any CPU.Build.0 = Debug|Any CPU
		{117980BA-DD39-401A-B819-90EFF21D9F70}.Release|Any CPU.ActiveCfg = Release|Any CPU
		{117980BA-DD39-401A-B819-90EFF21D9F70}.Release|Any CPU.Build.0 = Release|Any CPU
	EndGlobalSection
	GlobalSection(SolutionProperties) = preSolution
		HideSolutionNode = FALSE
	EndGlobalSection
	GlobalSection(ExtensibilityGlobals) = postSolution
		SolutionGuid = {CA713780-7240-47B7-8A8B-EE9F5A2254C9}
	EndGlobalSection
EndGlobal
